[ "exlager": {:git,"git://github.com/khia/exlager.git","f8dd0715d7668290d7d02a4517acfee4e8be885c",[ref: "f8dd0715d7668290d7d02a4517acfee4e8be885c"]},
  "goldrush": {:git,"git://github.com/DeadZen/goldrush.git","879c69874a555b2c13498aa4a3da6f6bbbb6a031",[tag: "879c69874a"]},
  "lager": {:git,"https://github.com/basho/lager.git","9b9e53f81c3659e86c99fdc0e5e56ade5d67cb58",[]} ]
